// !$*UTF8*$!
{
	archiveVersion = 1;
	classes = {
	};
	objectVersion = 56;
	objects = {

/* Begin PBXBuildFile section */
		7C0879102C3F9A7C00EA8FE8 /* StudentSignupView.swift in Sources */ = {isa = PBXBuildFile; fileRef = 7C08790F2C3F9A7C00EA8FE8 /* StudentSignupView.swift */; };
		7C0879122C3F9AED00EA8FE8 /* TeacherSignupView.swift in Sources */ = {isa = PBXBuildFile; fileRef = 7C0879112C3F9AED00EA8FE8 /* TeacherSignupView.swift */; };
		7C7E59412BAC1FC300D39E2C /* Cl_ckApp.swift in Sources */ = {isa = PBXBuildFile; fileRef = 7C7E59402BAC1FC300D39E2C /* Cl_ckApp.swift */; };
		7C7E59432BAC1FC300D39E2C /* ContentView.swift in Sources */ = {isa = PBXBuildFile; fileRef = 7C7E59422BAC1FC300D39E2C /* ContentView.swift */; };
		7C7E59452BAC1FC500D39E2C /* Assets.xcassets in Resources */ = {isa = PBXBuildFile; fileRef = 7C7E59442BAC1FC500D39E2C /* Assets.xcassets */; };
		7C7E59482BAC1FC500D39E2C /* Preview Assets.xcassets in Resources */ = {isa = PBXBuildFile; fileRef = 7C7E59472BAC1FC500D39E2C /* Preview Assets.xcassets */; };
		7C9664242C32CF370014FEA5 /* TeacherLoginView.swift in Sources */ = {isa = PBXBuildFile; fileRef = 7C9664232C32CF370014FEA5 /* TeacherLoginView.swift */; };
		7C9664262C32CF400014FEA5 /* StudentLoginView.swift in Sources */ = {isa = PBXBuildFile; fileRef = 7C9664252C32CF400014FEA5 /* StudentLoginView.swift */; };
		7C99ED4A2C2D27BA0073680C /* TodayData.swift in Sources */ = {isa = PBXBuildFile; fileRef = 7C99ED492C2D27BA0073680C /* TodayData.swift */; };
		7C99ED4C2C2D28200073680C /* scheduleView.swift in Sources */ = {isa = PBXBuildFile; fileRef = 7C99ED4B2C2D28200073680C /* scheduleView.swift */; };
		7C99ED4E2C2D28C60073680C /* CalendarCellView.swift in Sources */ = {isa = PBXBuildFile; fileRef = 7C99ED4D2C2D28C60073680C /* CalendarCellView.swift */; };
		7C99ED502C2D4E540073680C /* ChooseView.swift in Sources */ = {isa = PBXBuildFile; fileRef = 7C99ED4F2C2D4E540073680C /* ChooseView.swift */; };
		7C99ED522C2D4F310073680C /* TeacherListData.swift in Sources */ = {isa = PBXBuildFile; fileRef = 7C99ED512C2D4F310073680C /* TeacherListData.swift */; };
		7CB63CBC2C40CFF80082325A /* CalnedarGridView.swift in Sources */ = {isa = PBXBuildFile; fileRef = 7CB63CBB2C40CFF80082325A /* CalnedarGridView.swift */; };
		7CC6E1FD2C2450880001654F /* SideView.swift in Sources */ = {isa = PBXBuildFile; fileRef = 7CC6E1FC2C2450880001654F /* SideView.swift */; };
		7CC6E1FF2C2451290001654F /* DetailedscheduleView.swift in Sources */ = {isa = PBXBuildFile; fileRef = 7CC6E1FE2C2451290001654F /* DetailedscheduleView.swift */; };
		7CC6E2012C2451380001654F /* scheduleView2.swift in Sources */ = {isa = PBXBuildFile; fileRef = 7CC6E2002C2451380001654F /* scheduleView2.swift */; };
		7CC6E2032C2451440001654F /* ButtonView.swift in Sources */ = {isa = PBXBuildFile; fileRef = 7CC6E2022C2451440001654F /* ButtonView.swift */; };
		AF46F3212BD01602007353A4 /* MainView.swift in Sources */ = {isa = PBXBuildFile; fileRef = AF46F3202BD01602007353A4 /* MainView.swift */; };
		AF656F892BF25C0A00829BF4 /* Login.swift in Sources */ = {isa = PBXBuildFile; fileRef = AF656F882BF25C0A00829BF4 /* Login.swift */; };
		AFDD3D2A2BC82CC9002B4B98 /* MainCalendarView.swift in Sources */ = {isa = PBXBuildFile; fileRef = AFDD3D292BC82CC8002B4B98 /* MainCalendarView.swift */; };
		AFDD3D2C2BC82D6B002B4B98 /* AlarmView.swift in Sources */ = {isa = PBXBuildFile; fileRef = AFDD3D2B2BC82D6B002B4B98 /* AlarmView.swift */; };
		AFDD3D2E2BC969DC002B4B98 /* CalenderView.swift in Sources */ = {isa = PBXBuildFile; fileRef = AFDD3D2D2BC969DB002B4B98 /* CalenderView.swift */; };
		AFDD3D302BC96A74002B4B98 /* TeacherView.swift in Sources */ = {isa = PBXBuildFile; fileRef = AFDD3D2F2BC96A74002B4B98 /* TeacherView.swift */; };
/* End PBXBuildFile section */

/* Begin PBXFileReference section */
		7C08790F2C3F9A7C00EA8FE8 /* StudentSignupView.swift */ = {isa = PBXFileReference; lastKnownFileType = sourcecode.swift; path = StudentSignupView.swift; sourceTree = "<group>"; };
		7C0879112C3F9AED00EA8FE8 /* TeacherSignupView.swift */ = {isa = PBXFileReference; lastKnownFileType = sourcecode.swift; path = TeacherSignupView.swift; sourceTree = "<group>"; };
		7C7E593D2BAC1FC300D39E2C /* Cl!ck.app */ = {isa = PBXFileReference; explicitFileType = wrapper.application; includeInIndex = 0; path = "Cl!ck.app"; sourceTree = BUILT_PRODUCTS_DIR; };
		7C7E59402BAC1FC300D39E2C /* Cl_ckApp.swift */ = {isa = PBXFileReference; lastKnownFileType = sourcecode.swift; path = Cl_ckApp.swift; sourceTree = "<group>"; };
		7C7E59422BAC1FC300D39E2C /* ContentView.swift */ = {isa = PBXFileReference; lastKnownFileType = sourcecode.swift; path = ContentView.swift; sourceTree = "<group>"; };
		7C7E59442BAC1FC500D39E2C /* Assets.xcassets */ = {isa = PBXFileReference; lastKnownFileType = folder.assetcatalog; path = Assets.xcassets; sourceTree = "<group>"; };
		7C7E59472BAC1FC500D39E2C /* Preview Assets.xcassets */ = {isa = PBXFileReference; lastKnownFileType = folder.assetcatalog; path = "Preview Assets.xcassets"; sourceTree = "<group>"; };
		7C9664232C32CF370014FEA5 /* TeacherLoginView.swift */ = {isa = PBXFileReference; lastKnownFileType = sourcecode.swift; path = TeacherLoginView.swift; sourceTree = "<group>"; };
		7C9664252C32CF400014FEA5 /* StudentLoginView.swift */ = {isa = PBXFileReference; lastKnownFileType = sourcecode.swift; path = StudentLoginView.swift; sourceTree = "<group>"; };
		7C99ED492C2D27BA0073680C /* TodayData.swift */ = {isa = PBXFileReference; lastKnownFileType = sourcecode.swift; path = TodayData.swift; sourceTree = "<group>"; };
		7C99ED4B2C2D28200073680C /* scheduleView.swift */ = {isa = PBXFileReference; lastKnownFileType = sourcecode.swift; path = scheduleView.swift; sourceTree = "<group>"; };
		7C99ED4D2C2D28C60073680C /* CalendarCellView.swift */ = {isa = PBXFileReference; lastKnownFileType = sourcecode.swift; path = CalendarCellView.swift; sourceTree = "<group>"; };
		7C99ED4F2C2D4E540073680C /* ChooseView.swift */ = {isa = PBXFileReference; lastKnownFileType = sourcecode.swift; path = ChooseView.swift; sourceTree = "<group>"; };
		7C99ED512C2D4F310073680C /* TeacherListData.swift */ = {isa = PBXFileReference; lastKnownFileType = sourcecode.swift; path = TeacherListData.swift; sourceTree = "<group>"; };
		7CB63CBB2C40CFF80082325A /* CalnedarGridView.swift */ = {isa = PBXFileReference; lastKnownFileType = sourcecode.swift; path = CalnedarGridView.swift; sourceTree = "<group>"; };
		7CC6E1FC2C2450880001654F /* SideView.swift */ = {isa = PBXFileReference; lastKnownFileType = sourcecode.swift; path = SideView.swift; sourceTree = "<group>"; };
		7CC6E1FE2C2451290001654F /* DetailedscheduleView.swift */ = {isa = PBXFileReference; lastKnownFileType = sourcecode.swift; path = DetailedscheduleView.swift; sourceTree = "<group>"; };
		7CC6E2002C2451380001654F /* scheduleView2.swift */ = {isa = PBXFileReference; lastKnownFileType = sourcecode.swift; path = scheduleView2.swift; sourceTree = "<group>"; };
		7CC6E2022C2451440001654F /* ButtonView.swift */ = {isa = PBXFileReference; lastKnownFileType = sourcecode.swift; path = ButtonView.swift; sourceTree = "<group>"; };
		AF46F3202BD01602007353A4 /* MainView.swift */ = {isa = PBXFileReference; lastKnownFileType = sourcecode.swift; path = MainView.swift; sourceTree = "<group>"; };
		AF656F882BF25C0A00829BF4 /* Login.swift */ = {isa = PBXFileReference; lastKnownFileType = sourcecode.swift; path = Login.swift; sourceTree = "<group>"; };
		AFC320292BCABA6E0086482E /* Cl-ck-Info.plist */ = {isa = PBXFileReference; lastKnownFileType = text.plist; path = "Cl-ck-Info.plist"; sourceTree = SOURCE_ROOT; };
		AFDD3D292BC82CC8002B4B98 /* MainCalendarView.swift */ = {isa = PBXFileReference; lastKnownFileType = sourcecode.swift; path = MainCalendarView.swift; sourceTree = "<group>"; };
		AFDD3D2B2BC82D6B002B4B98 /* AlarmView.swift */ = {isa = PBXFileReference; lastKnownFileType = sourcecode.swift; path = AlarmView.swift; sourceTree = "<group>"; };
		AFDD3D2D2BC969DB002B4B98 /* CalenderView.swift */ = {isa = PBXFileReference; lastKnownFileType = sourcecode.swift; path = CalenderView.swift; sourceTree = "<group>"; };
		AFDD3D2F2BC96A74002B4B98 /* TeacherView.swift */ = {isa = PBXFileReference; lastKnownFileType = sourcecode.swift; path = TeacherView.swift; sourceTree = "<group>"; };
/* End PBXFileReference section */

/* Begin PBXFrameworksBuildPhase section */
		7C7E593A2BAC1FC300D39E2C /* Frameworks */ = {
			isa = PBXFrameworksBuildPhase;
			buildActionMask = 2147483647;
			files = (
			);
			runOnlyForDeploymentPostprocessing = 0;
		};
/* End PBXFrameworksBuildPhase section */

/* Begin PBXGroup section */
		7C7E59342BAC1FC300D39E2C = {
			isa = PBXGroup;
			children = (
				7C7E593F2BAC1FC300D39E2C /* Cl!ck */,
				7C7E593E2BAC1FC300D39E2C /* Products */,
			);
			sourceTree = "<group>";
		};
		7C7E593E2BAC1FC300D39E2C /* Products */ = {
			isa = PBXGroup;
			children = (
				7C7E593D2BAC1FC300D39E2C /* Cl!ck.app */,
			);
			name = Products;
			sourceTree = "<group>";
		};
		7C7E593F2BAC1FC300D39E2C /* Cl!ck */ = {
			isa = PBXGroup;
			children = (
				AFC320292BCABA6E0086482E /* Cl-ck-Info.plist */,
				7C7E59402BAC1FC300D39E2C /* Cl_ckApp.swift */,
				AFDD3D292BC82CC8002B4B98 /* MainCalendarView.swift */,
				7C99ED492C2D27BA0073680C /* TodayData.swift */,
				AFDD3D2B2BC82D6B002B4B98 /* AlarmView.swift */,
				AFDD3D2D2BC969DB002B4B98 /* CalenderView.swift */,
				AFDD3D2F2BC96A74002B4B98 /* TeacherView.swift */,
				7C99ED512C2D4F310073680C /* TeacherListData.swift */,
				AF46F3202BD01602007353A4 /* MainView.swift */,
				7CB63CBB2C40CFF80082325A /* CalnedarGridView.swift */,
				7C9664272C32CF500014FEA5 /* Login */,
				7CC6E1FC2C2450880001654F /* SideView.swift */,
				7CC6E2022C2451440001654F /* ButtonView.swift */,
				7CC6E2002C2451380001654F /* scheduleView2.swift */,
				7C99ED4D2C2D28C60073680C /* CalendarCellView.swift */,
				7C99ED4B2C2D28200073680C /* scheduleView.swift */,
				7CC6E1FE2C2451290001654F /* DetailedscheduleView.swift */,
				7C7E59442BAC1FC500D39E2C /* Assets.xcassets */,
				7C7E59462BAC1FC500D39E2C /* Preview Content */,
			);
			path = "Cl!ck";
			sourceTree = "<group>";
		};
		7C7E59462BAC1FC500D39E2C /* Preview Content */ = {
			isa = PBXGroup;
			children = (
				7C7E59472BAC1FC500D39E2C /* Preview Assets.xcassets */,
			);
			path = "Preview Content";
			sourceTree = "<group>";
		};
		7C9664272C32CF500014FEA5 /* Login */ = {
			isa = PBXGroup;
			children = (
				7C7E59422BAC1FC300D39E2C /* ContentView.swift */,
				AF656F882BF25C0A00829BF4 /* Login.swift */,
				7C99ED4F2C2D4E540073680C /* ChooseView.swift */,
				7C9664232C32CF370014FEA5 /* TeacherLoginView.swift */,
				7C9664252C32CF400014FEA5 /* StudentLoginView.swift */,
				7C08790F2C3F9A7C00EA8FE8 /* StudentSignupView.swift */,
				7C0879112C3F9AED00EA8FE8 /* TeacherSignupView.swift */,
			);
			path = Login;
			sourceTree = "<group>";
		};
/* End PBXGroup section */

/* Begin PBXNativeTarget section */
		7C7E593C2BAC1FC300D39E2C /* Cl!ck */ = {
			isa = PBXNativeTarget;
			buildConfigurationList = 7C7E594B2BAC1FC500D39E2C /* Build configuration list for PBXNativeTarget "Cl!ck" */;
			buildPhases = (
				7C7E59392BAC1FC300D39E2C /* Sources */,
				7C7E593A2BAC1FC300D39E2C /* Frameworks */,
				7C7E593B2BAC1FC300D39E2C /* Resources */,
			);
			buildRules = (
			);
			dependencies = (
			);
			name = "Cl!ck";
			productName = "Cl!ck";
			productReference = 7C7E593D2BAC1FC300D39E2C /* Cl!ck.app */;
			productType = "com.apple.product-type.application";
		};
/* End PBXNativeTarget section */

/* Begin PBXProject section */
		7C7E59352BAC1FC300D39E2C /* Project object */ = {
			isa = PBXProject;
			attributes = {
				BuildIndependentTargetsInParallel = 1;
				LastSwiftUpdateCheck = 1530;
				LastUpgradeCheck = 1530;
				TargetAttributes = {
					7C7E593C2BAC1FC300D39E2C = {
						CreatedOnToolsVersion = 15.3;
					};
				};
			};
			buildConfigurationList = 7C7E59382BAC1FC300D39E2C /* Build configuration list for PBXProject "Cl!ck" */;
			compatibilityVersion = "Xcode 14.0";
			developmentRegion = en;
			hasScannedForEncodings = 0;
			knownRegions = (
				en,
				Base,
			);
			mainGroup = 7C7E59342BAC1FC300D39E2C;
			productRefGroup = 7C7E593E2BAC1FC300D39E2C /* Products */;
			projectDirPath = "";
			projectRoot = "";
			targets = (
				7C7E593C2BAC1FC300D39E2C /* Cl!ck */,
			);
		};
/* End PBXProject section */

/* Begin PBXResourcesBuildPhase section */
		7C7E593B2BAC1FC300D39E2C /* Resources */ = {
			isa = PBXResourcesBuildPhase;
			buildActionMask = 2147483647;
			files = (
				7C7E59482BAC1FC500D39E2C /* Preview Assets.xcassets in Resources */,
				7C7E59452BAC1FC500D39E2C /* Assets.xcassets in Resources */,
			);
			runOnlyForDeploymentPostprocessing = 0;
		};
/* End PBXResourcesBuildPhase section */

/* Begin PBXSourcesBuildPhase section */
		7C7E59392BAC1FC300D39E2C /* Sources */ = {
			isa = PBXSourcesBuildPhase;
			buildActionMask = 2147483647;
			files = (
				7CB63CBC2C40CFF80082325A /* CalnedarGridView.swift in Sources */,
				7CC6E2012C2451380001654F /* scheduleView2.swift in Sources */,
				7C99ED4A2C2D27BA0073680C /* TodayData.swift in Sources */,
				AFDD3D2A2BC82CC9002B4B98 /* MainCalendarView.swift in Sources */,
				7CC6E2032C2451440001654F /* ButtonView.swift in Sources */,
				AF46F3212BD01602007353A4 /* MainView.swift in Sources */,
				7C99ED4C2C2D28200073680C /* scheduleView.swift in Sources */,
				AFDD3D302BC96A74002B4B98 /* TeacherView.swift in Sources */,
				7CC6E1FD2C2450880001654F /* SideView.swift in Sources */,
				7C7E59432BAC1FC300D39E2C /* ContentView.swift in Sources */,
				7C99ED502C2D4E540073680C /* ChooseView.swift in Sources */,
				7C7E59412BAC1FC300D39E2C /* Cl_ckApp.swift in Sources */,
				7CC6E1FF2C2451290001654F /* DetailedscheduleView.swift in Sources */,
				7C9664242C32CF370014FEA5 /* TeacherLoginView.swift in Sources */,
				7C99ED522C2D4F310073680C /* TeacherListData.swift in Sources */,
				7C99ED4E2C2D28C60073680C /* CalendarCellView.swift in Sources */,
				AFDD3D2E2BC969DC002B4B98 /* CalenderView.swift in Sources */,
				AFDD3D2C2BC82D6B002B4B98 /* AlarmView.swift in Sources */,
				AF656F892BF25C0A00829BF4 /* Login.swift in Sources */,
				7C0879102C3F9A7C00EA8FE8 /* StudentSignupView.swift in Sources */,
				7C0879122C3F9AED00EA8FE8 /* TeacherSignupView.swift in Sources */,
				7C9664262C32CF400014FEA5 /* StudentLoginView.swift in Sources */,
			);
			runOnlyForDeploymentPostprocessing = 0;
		};
/* End PBXSourcesBuildPhase section */

/* Begin XCBuildConfiguration section */
		7C7E59492BAC1FC500D39E2C /* Debug */ = {
			isa = XCBuildConfiguration;
			buildSettings = {
				ALWAYS_SEARCH_USER_PATHS = NO;
				ASSETCATALOG_COMPILER_GENERATE_SWIFT_ASSET_SYMBOL_EXTENSIONS = YES;
				CLANG_ANALYZER_NONNULL = YES;
				CLANG_ANALYZER_NUMBER_OBJECT_CONVERSION = YES_AGGRESSIVE;
				CLANG_CXX_LANGUAGE_STANDARD = "gnu++20";
				CLANG_ENABLE_MODULES = YES;
				CLANG_ENABLE_OBJC_ARC = YES;
				CLANG_ENABLE_OBJC_WEAK = YES;
				CLANG_WARN_BLOCK_CAPTURE_AUTORELEASING = YES;
				CLANG_WARN_BOOL_CONVERSION = YES;
				CLANG_WARN_COMMA = YES;
				CLANG_WARN_CONSTANT_CONVERSION = YES;
				CLANG_WARN_DEPRECATED_OBJC_IMPLEMENTATIONS = YES;
				CLANG_WARN_DIRECT_OBJC_ISA_USAGE = YES_ERROR;
				CLANG_WARN_DOCUMENTATION_COMMENTS = YES;
				CLANG_WARN_EMPTY_BODY = YES;
				CLANG_WARN_ENUM_CONVERSION = YES;
				CLANG_WARN_INFINITE_RECURSION = YES;
				CLANG_WARN_INT_CONVERSION = YES;
				CLANG_WARN_NON_LITERAL_NULL_CONVERSION = YES;
				CLANG_WARN_OBJC_IMPLICIT_RETAIN_SELF = YES;
				CLANG_WARN_OBJC_LITERAL_CONVERSION = YES;
				CLANG_WARN_OBJC_ROOT_CLASS = YES_ERROR;
				CLANG_WARN_QUOTED_INCLUDE_IN_FRAMEWORK_HEADER = YES;
				CLANG_WARN_RANGE_LOOP_ANALYSIS = YES;
				CLANG_WARN_STRICT_PROTOTYPES = YES;
				CLANG_WARN_SUSPICIOUS_MOVE = YES;
				CLANG_WARN_UNGUARDED_AVAILABILITY = YES_AGGRESSIVE;
				CLANG_WARN_UNREACHABLE_CODE = YES;
				CLANG_WARN__DUPLICATE_METHOD_MATCH = YES;
				COPY_PHASE_STRIP = NO;
				DEBUG_INFORMATION_FORMAT = dwarf;
				ENABLE_STRICT_OBJC_MSGSEND = YES;
				ENABLE_TESTABILITY = YES;
				ENABLE_USER_SCRIPT_SANDBOXING = YES;
				GCC_C_LANGUAGE_STANDARD = gnu17;
				GCC_DYNAMIC_NO_PIC = NO;
				GCC_NO_COMMON_BLOCKS = YES;
				GCC_OPTIMIZATION_LEVEL = 0;
				GCC_PREPROCESSOR_DEFINITIONS = (
					"DEBUG=1",
					"$(inherited)",
				);
				GCC_WARN_64_TO_32_BIT_CONVERSION = YES;
				GCC_WARN_ABOUT_RETURN_TYPE = YES_ERROR;
				GCC_WARN_UNDECLARED_SELECTOR = YES;
				GCC_WARN_UNINITIALIZED_AUTOS = YES_AGGRESSIVE;
				GCC_WARN_UNUSED_FUNCTION = YES;
				GCC_WARN_UNUSED_VARIABLE = YES;
				IPHONEOS_DEPLOYMENT_TARGET = 17.4;
				LOCALIZATION_PREFERS_STRING_CATALOGS = YES;
				MTL_ENABLE_DEBUG_INFO = INCLUDE_SOURCE;
				MTL_FAST_MATH = YES;
				ONLY_ACTIVE_ARCH = YES;
				SDKROOT = iphoneos;
				SWIFT_ACTIVE_COMPILATION_CONDITIONS = "DEBUG $(inherited)";
				SWIFT_OPTIMIZATION_LEVEL = "-Onone";
			};
			name = Debug;
		};
		7C7E594A2BAC1FC500D39E2C /* Release */ = {
			isa = XCBuildConfiguration;
			buildSettings = {
				ALWAYS_SEARCH_USER_PATHS = NO;
				ASSETCATALOG_COMPILER_GENERATE_SWIFT_ASSET_SYMBOL_EXTENSIONS = YES;
				CLANG_ANALYZER_NONNULL = YES;
				CLANG_ANALYZER_NUMBER_OBJECT_CONVERSION = YES_AGGRESSIVE;
				CLANG_CXX_LANGUAGE_STANDARD = "gnu++20";
				CLANG_ENABLE_MODULES = YES;
				CLANG_ENABLE_OBJC_ARC = YES;
				CLANG_ENABLE_OBJC_WEAK = YES;
				CLANG_WARN_BLOCK_CAPTURE_AUTORELEASING = YES;
				CLANG_WARN_BOOL_CONVERSION = YES;
				CLANG_WARN_COMMA = YES;
				CLANG_WARN_CONSTANT_CONVERSION = YES;
				CLANG_WARN_DEPRECATED_OBJC_IMPLEMENTATIONS = YES;
				CLANG_WARN_DIRECT_OBJC_ISA_USAGE = YES_ERROR;
				CLANG_WARN_DOCUMENTATION_COMMENTS = YES;
				CLANG_WARN_EMPTY_BODY = YES;
				CLANG_WARN_ENUM_CONVERSION = YES;
				CLANG_WARN_INFINITE_RECURSION = YES;
				CLANG_WARN_INT_CONVERSION = YES;
				CLANG_WARN_NON_LITERAL_NULL_CONVERSION = YES;
				CLANG_WARN_OBJC_IMPLICIT_RETAIN_SELF = YES;
				CLANG_WARN_OBJC_LITERAL_CONVERSION = YES;
				CLANG_WARN_OBJC_ROOT_CLASS = YES_ERROR;
				CLANG_WARN_QUOTED_INCLUDE_IN_FRAMEWORK_HEADER = YES;
				CLANG_WARN_RANGE_LOOP_ANALYSIS = YES;
				CLANG_WARN_STRICT_PROTOTYPES = YES;
				CLANG_WARN_SUSPICIOUS_MOVE = YES;
				CLANG_WARN_UNGUARDED_AVAILABILITY = YES_AGGRESSIVE;
				CLANG_WARN_UNREACHABLE_CODE = YES;
				CLANG_WARN__DUPLICATE_METHOD_MATCH = YES;
				COPY_PHASE_STRIP = NO;
				DEBUG_INFORMATION_FORMAT = "dwarf-with-dsym";
				ENABLE_NS_ASSERTIONS = NO;
				ENABLE_STRICT_OBJC_MSGSEND = YES;
				ENABLE_USER_SCRIPT_SANDBOXING = YES;
				GCC_C_LANGUAGE_STANDARD = gnu17;
				GCC_NO_COMMON_BLOCKS = YES;
				GCC_WARN_64_TO_32_BIT_CONVERSION = YES;
				GCC_WARN_ABOUT_RETURN_TYPE = YES_ERROR;
				GCC_WARN_UNDECLARED_SELECTOR = YES;
				GCC_WARN_UNINITIALIZED_AUTOS = YES_AGGRESSIVE;
				GCC_WARN_UNUSED_FUNCTION = YES;
				GCC_WARN_UNUSED_VARIABLE = YES;
				IPHONEOS_DEPLOYMENT_TARGET = 17.4;
				LOCALIZATION_PREFERS_STRING_CATALOGS = YES;
				MTL_ENABLE_DEBUG_INFO = NO;
				MTL_FAST_MATH = YES;
				SDKROOT = iphoneos;
				SWIFT_COMPILATION_MODE = wholemodule;
				VALIDATE_PRODUCT = YES;
			};
			name = Release;
		};
		7C7E594C2BAC1FC500D39E2C /* Debug */ = {
			isa = XCBuildConfiguration;
			buildSettings = {
				ASSETCATALOG_COMPILER_APPICON_NAME = AppIcon;
				ASSETCATALOG_COMPILER_GLOBAL_ACCENT_COLOR_NAME = AccentColor;
				CODE_SIGN_STYLE = Automatic;
				CURRENT_PROJECT_VERSION = 1;
				DEVELOPMENT_ASSET_PATHS = "\"Cl!ck/Preview Content\"";
				DEVELOPMENT_TEAM = Z3MX2CQ3N6;
				ENABLE_PREVIEWS = YES;
				GENERATE_INFOPLIST_FILE = YES;
				INFOPLIST_FILE = "Cl-ck-Info.plist";
				INFOPLIST_KEY_UIApplicationSceneManifest_Generation = YES;
				INFOPLIST_KEY_UIApplicationSupportsIndirectInputEvents = YES;
				INFOPLIST_KEY_UISupportedInterfaceOrientations_iPad = "UIInterfaceOrientationPortrait UIInterfaceOrientationPortraitUpsideDown UIInterfaceOrientationLandscapeLeft UIInterfaceOrientationLandscapeRight";
				INFOPLIST_KEY_UISupportedInterfaceOrientations_iPhone = "UIInterfaceOrientationPortrait UIInterfaceOrientationLandscapeLeft UIInterfaceOrientationLandscapeRight";
				LD_RUNPATH_SEARCH_PATHS = (
					"$(inherited)",
					"@executable_path/Frameworks",
				);
				MARKETING_VERSION = 1.0;
				PRODUCT_BUNDLE_IDENTIFIER = "kr.hs.dgsw.click.Cl-ck";
				PRODUCT_NAME = "$(TARGET_NAME)";
				SWIFT_EMIT_LOC_STRINGS = YES;
				SWIFT_VERSION = 5.0;
				TARGETED_DEVICE_FAMILY = "1,2";
			};
			name = Debug;
		};
		7C7E594D2BAC1FC500D39E2C /* Release */ = {
			isa = XCBuildConfiguration;
			buildSettings = {
				ASSETCATALOG_COMPILER_APPICON_NAME = AppIcon;
				ASSETCATALOG_COMPILER_GLOBAL_ACCENT_COLOR_NAME = AccentColor;
				CODE_SIGN_STYLE = Automatic;
				CURRENT_PROJECT_VERSION = 1;
				DEVELOPMENT_ASSET_PATHS = "\"Cl!ck/Preview Content\"";
				DEVELOPMENT_TEAM = Z3MX2CQ3N6;
				ENABLE_PREVIEWS = YES;
				GENERATE_INFOPLIST_FILE = YES;
				INFOPLIST_FILE = "Cl-ck-Info.plist";
				INFOPLIST_KEY_UIApplicationSceneManifest_Generation = YES;
				INFOPLIST_KEY_UIApplicationSupportsIndirectInputEvents = YES;
				INFOPLIST_KEY_UISupportedInterfaceOrientations_iPad = "UIInterfaceOrientationPortrait UIInterfaceOrientationPortraitUpsideDown UIInterfaceOrientationLandscapeLeft UIInterfaceOrientationLandscapeRight";
				INFOPLIST_KEY_UISupportedInterfaceOrientations_iPhone = "UIInterfaceOrientationPortrait UIInterfaceOrientationLandscapeLeft UIInterfaceOrientationLandscapeRight";
				LD_RUNPATH_SEARCH_PATHS = (
					"$(inherited)",
					"@executable_path/Frameworks",
				);
				MARKETING_VERSION = 1.0;
				PRODUCT_BUNDLE_IDENTIFIER = "kr.hs.dgsw.click.Cl-ck";
				PRODUCT_NAME = "$(TARGET_NAME)";
				SWIFT_EMIT_LOC_STRINGS = YES;
				SWIFT_VERSION = 5.0;
				TARGETED_DEVICE_FAMILY = "1,2";
			};
			name = Release;
		};
/* End XCBuildConfiguration section */

/* Begin XCConfigurationList section */
		7C7E59382BAC1FC300D39E2C /* Build configuration list for PBXProject "Cl!ck" */ = {
			isa = XCConfigurationList;
			buildConfigurations = (
				7C7E59492BAC1FC500D39E2C /* Debug */,
				7C7E594A2BAC1FC500D39E2C /* Release */,
			);
			defaultConfigurationIsVisible = 0;
			defaultConfigurationName = Release;
		};
		7C7E594B2BAC1FC500D39E2C /* Build configuration list for PBXNativeTarget "Cl!ck" */ = {
			isa = XCConfigurationList;
			buildConfigurations = (
				7C7E594C2BAC1FC500D39E2C /* Debug */,
				7C7E594D2BAC1FC500D39E2C /* Release */,
			);
			defaultConfigurationIsVisible = 0;
			defaultConfigurationName = Release;
		};
/* End XCConfigurationList section */
	};
	rootObject = 7C7E59352BAC1FC300D39E2C /* Project object */;
}
