// !$*UTF8*$!
{
	archiveVersion = 1;
	classes = {
	};
	objectVersion = 56;
	objects = {

/* Begin PBXBuildFile section */
		7C7E59412BAC1FC300D39E2C /* Cl_ckApp.swift in Sources */ = {isa = PBXBuildFile; fileRef = 7C7E59402BAC1FC300D39E2C /* Cl_ckApp.swift */; };
		7C7E59432BAC1FC300D39E2C /* ContentView.swift in Sources */ = {isa = PBXBuildFile; fileRef = 7C7E59422BAC1FC300D39E2C /* ContentView.swift */; };
		7C7E59452BAC1FC500D39E2C /* Assets.xcassets in Resources */ = {isa = PBXBuildFile; fileRef = 7C7E59442BAC1FC500D39E2C /* Assets.xcassets */; };
		7C7E59482BAC1FC500D39E2C /* Preview Assets.xcassets in Resources */ = {isa = PBXBuildFile; fileRef = 7C7E59472BAC1FC500D39E2C /* Preview Assets.xcassets */; };
		AF0976752C87F72900A1DD04 /* UIApplication.swift in Sources */ = {isa = PBXBuildFile; fileRef = AF0976742C87F72900A1DD04 /* UIApplication.swift */; };
		AF0E2D472C5A24D40018D3F0 /* MyResultsView.swift in Sources */ = {isa = PBXBuildFile; fileRef = AF0E2D462C5A24D40018D3F0 /* MyResultsView.swift */; };
		AF1B19092C5A084F0035747B /* MyResultsListHeader.swift in Sources */ = {isa = PBXBuildFile; fileRef = AF1B19082C5A084F0035747B /* MyResultsListHeader.swift */; };
		AF1B190B2C5A09B30035747B /* MyResultsCell.swift in Sources */ = {isa = PBXBuildFile; fileRef = AF1B190A2C5A09B30035747B /* MyResultsCell.swift */; };
		AF1D59C22C4F8CCC0074FD0E /* AlarmView.swift in Sources */ = {isa = PBXBuildFile; fileRef = AF1D59C12C4F8CCC0074FD0E /* AlarmView.swift */; };
		AF1D59C52C4F8D110074FD0E /* AlarmCell.swift in Sources */ = {isa = PBXBuildFile; fileRef = AF1D59C42C4F8D110074FD0E /* AlarmCell.swift */; };
		AF1F4C472CA13CE700A64596 /* Evaluation.swift in Sources */ = {isa = PBXBuildFile; fileRef = AF1F4C462CA13CE700A64596 /* Evaluation.swift */; };
		AF2E88032C947CB000074F02 /* Performance.swift in Sources */ = {isa = PBXBuildFile; fileRef = AF2E88022C947CB000074F02 /* Performance.swift */; };
		AF2E88052C947F5E00074F02 /* PerformanceCell.swift in Sources */ = {isa = PBXBuildFile; fileRef = AF2E88042C947F5E00074F02 /* PerformanceCell.swift */; };
		AF30B45E2C84571300325B94 /* NetworkResult.swift in Sources */ = {isa = PBXBuildFile; fileRef = AF30B45D2C84571300325B94 /* NetworkResult.swift */; };
		AF30B4612C8458F000325B94 /* authModel.swift in Sources */ = {isa = PBXBuildFile; fileRef = AF30B4602C8458F000325B94 /* authModel.swift */; };
		AF30B46A2C8461A400325B94 /* AuthService.swift in Sources */ = {isa = PBXBuildFile; fileRef = AF30B4692C8461A400325B94 /* AuthService.swift */; };
		AF32DC2A2C4F47CD0026F88C /* OnBoardingView.swift in Sources */ = {isa = PBXBuildFile; fileRef = AF32DC292C4F47CD0026F88C /* OnBoardingView.swift */; };
		AF38BF3B2C4F73D7003BF9FD /* ChoosePageView.swift in Sources */ = {isa = PBXBuildFile; fileRef = AF38BF3A2C4F73D7003BF9FD /* ChoosePageView.swift */; };
		AF38BF3F2C4F7428003BF9FD /* TeacherSignUpView.swift in Sources */ = {isa = PBXBuildFile; fileRef = AF38BF3E2C4F7428003BF9FD /* TeacherSignUpView.swift */; };
		AF38BF432C4F7518003BF9FD /* StudentSignUpView.swift in Sources */ = {isa = PBXBuildFile; fileRef = AF38BF422C4F7518003BF9FD /* StudentSignUpView.swift */; };
		AF38BF462C4F766D003BF9FD /* ChooseRoleView.swift in Sources */ = {isa = PBXBuildFile; fileRef = AF38BF452C4F766D003BF9FD /* ChooseRoleView.swift */; };
		AF38BF482C4F7E9E003BF9FD /* EntireSignInView.swift in Sources */ = {isa = PBXBuildFile; fileRef = AF38BF472C4F7E9E003BF9FD /* EntireSignInView.swift */; };
		AF4D43A22C593D5A00CDEA41 /* LessonCell.swift in Sources */ = {isa = PBXBuildFile; fileRef = AF4D43A12C593D5A00CDEA41 /* LessonCell.swift */; };
		AF63D41F2C5B883400CA374B /* HomeView.swift in Sources */ = {isa = PBXBuildFile; fileRef = AF63D41E2C5B883400CA374B /* HomeView.swift */; };
		AF63D4212C5B884D00CA374B /* CalendarGridView.swift in Sources */ = {isa = PBXBuildFile; fileRef = AF63D4202C5B884D00CA374B /* CalendarGridView.swift */; };
		AF63D4232C5B886600CA374B /* CalendarCellView.swift in Sources */ = {isa = PBXBuildFile; fileRef = AF63D4222C5B886600CA374B /* CalendarCellView.swift */; };
		AF63D4252C5B887400CA374B /* WeekdaySymbolsView.swift in Sources */ = {isa = PBXBuildFile; fileRef = AF63D4242C5B887400CA374B /* WeekdaySymbolsView.swift */; };
		AF63D4272C5B888900CA374B /* DateFormatter.swift in Sources */ = {isa = PBXBuildFile; fileRef = AF63D4262C5B888900CA374B /* DateFormatter.swift */; };
		AF8665BE2C59BDC80031ED95 /* TeacherTabView.swift in Sources */ = {isa = PBXBuildFile; fileRef = AF8665BD2C59BDC80031ED95 /* TeacherTabView.swift */; };
		AF9952322C59D7AE00F1DD9A /* ProcessingResultsView.swift in Sources */ = {isa = PBXBuildFile; fileRef = AF9952312C59D7AE00F1DD9A /* ProcessingResultsView.swift */; };
		AF9952342C59F3BE00F1DD9A /* ProcessingResultsListHeader.swift in Sources */ = {isa = PBXBuildFile; fileRef = AF9952332C59F3BE00F1DD9A /* ProcessingResultsListHeader.swift */; };
		AF9952362C59F78100F1DD9A /* ProcessingResultsList.swift in Sources */ = {isa = PBXBuildFile; fileRef = AF9952352C59F78100F1DD9A /* ProcessingResultsList.swift */; };
		AFA28ABD2C8D86D500397544 /* APIConstants.swift in Sources */ = {isa = PBXBuildFile; fileRef = AFA28ABC2C8D86D500397544 /* APIConstants.swift */; };
		AFACD5582C8D74CB00798C93 /* StudentTabView.swift in Sources */ = {isa = PBXBuildFile; fileRef = AFACD5572C8D74CB00798C93 /* StudentTabView.swift */; };
		AFC3EA2E2C87555100F62C4F /* Alamofire in Frameworks */ = {isa = PBXBuildFile; productRef = AFC3EA2D2C87555100F62C4F /* Alamofire */; };
		AFD3D5C22C4E6CB20033C661 /* Launch Screen.storyboard in Resources */ = {isa = PBXBuildFile; fileRef = AFD3D5C12C4E6CB20033C661 /* Launch Screen.storyboard */; };
		AFDD3D2E2BC969DC002B4B98 /* CalenderView.swift in Sources */ = {isa = PBXBuildFile; fileRef = AFDD3D2D2BC969DB002B4B98 /* CalenderView.swift */; };
		AFEB51CF2C91167700F6DB61 /* StudentsProfileView.swift in Sources */ = {isa = PBXBuildFile; fileRef = AFEB51CE2C91167700F6DB61 /* StudentsProfileView.swift */; };
		AFEB51D12C9116AD00F6DB61 /* TeachersProfileView.swift in Sources */ = {isa = PBXBuildFile; fileRef = AFEB51D02C9116AD00F6DB61 /* TeachersProfileView.swift */; };
		AFEB51D52C917C7100F6DB61 /* ScheduleViewModel.swift in Sources */ = {isa = PBXBuildFile; fileRef = AFEB51D42C917C7100F6DB61 /* ScheduleViewModel.swift */; };
		AFEB51D72C917CF800F6DB61 /* Lesson.swift in Sources */ = {isa = PBXBuildFile; fileRef = AFEB51D62C917CF800F6DB61 /* Lesson.swift */; };
		AFEB51D92C917D0B00F6DB61 /* Schedule.swift in Sources */ = {isa = PBXBuildFile; fileRef = AFEB51D82C917D0B00F6DB61 /* Schedule.swift */; };
		AFEB51E02C9183E700F6DB61 /* PerformanceListView.swift in Sources */ = {isa = PBXBuildFile; fileRef = AFEB51DF2C9183E700F6DB61 /* PerformanceListView.swift */; };
		AFEB51E22C91862500F6DB61 /* LessonCreateView.swift in Sources */ = {isa = PBXBuildFile; fileRef = AFEB51E12C91862500F6DB61 /* LessonCreateView.swift */; };
		AFEB51E42C918E4100F6DB61 /* Service.swift in Sources */ = {isa = PBXBuildFile; fileRef = AFEB51E32C918E4100F6DB61 /* Service.swift */; };
		AFEB51E82C91AE0900F6DB61 /* LessonListView.swift in Sources */ = {isa = PBXBuildFile; fileRef = AFEB51E72C91AE0900F6DB61 /* LessonListView.swift */; };
		AFF0D1492C5269EB00E2B4B2 /* NavigationControllerWrapper.swift in Sources */ = {isa = PBXBuildFile; fileRef = AFF0D1482C5269EB00E2B4B2 /* NavigationControllerWrapper.swift */; };
		AFF0D14B2C526A6E00E2B4B2 /* ScheduleCell.swift in Sources */ = {isa = PBXBuildFile; fileRef = AFF0D14A2C526A6E00E2B4B2 /* ScheduleCell.swift */; };
		AFF4C6582C59D29F00AE67A1 /* ProcessingResultsCell.swift in Sources */ = {isa = PBXBuildFile; fileRef = AFF4C6572C59D29F00AE67A1 /* ProcessingResultsCell.swift */; };
		AFF7A9322C527DD100F4582B /* ProfileImage.swift in Sources */ = {isa = PBXBuildFile; fileRef = AFF7A9312C527DD100F4582B /* ProfileImage.swift */; };
		AFFED3A02C514091001DB112 /* PerformanceCreateView.swift in Sources */ = {isa = PBXBuildFile; fileRef = AFFED39F2C514091001DB112 /* PerformanceCreateView.swift */; };
		AFFED3C52C51F5BE001DB112 /* OnBoardingScreenContent.swift in Sources */ = {isa = PBXBuildFile; fileRef = AFFED3C42C51F5BE001DB112 /* OnBoardingScreenContent.swift */; };
		AFFED3CF2C52515E001DB112 /* InformationDetailView.swift in Sources */ = {isa = PBXBuildFile; fileRef = AFFED3CE2C52515E001DB112 /* InformationDetailView.swift */; };
		AFFED3D12C525695001DB112 /* ScheduleListView.swift in Sources */ = {isa = PBXBuildFile; fileRef = AFFED3D02C525695001DB112 /* ScheduleListView.swift */; };
/* End PBXBuildFile section */

/* Begin PBXFileReference section */
		7C7E593D2BAC1FC300D39E2C /* Cl!ck.app */ = {isa = PBXFileReference; explicitFileType = wrapper.application; includeInIndex = 0; path = "Cl!ck.app"; sourceTree = BUILT_PRODUCTS_DIR; };
		7C7E59402BAC1FC300D39E2C /* Cl_ckApp.swift */ = {isa = PBXFileReference; lastKnownFileType = sourcecode.swift; path = Cl_ckApp.swift; sourceTree = "<group>"; };
		7C7E59422BAC1FC300D39E2C /* ContentView.swift */ = {isa = PBXFileReference; lastKnownFileType = sourcecode.swift; path = ContentView.swift; sourceTree = "<group>"; };
		7C7E59442BAC1FC500D39E2C /* Assets.xcassets */ = {isa = PBXFileReference; lastKnownFileType = folder.assetcatalog; path = Assets.xcassets; sourceTree = "<group>"; };
		7C7E59472BAC1FC500D39E2C /* Preview Assets.xcassets */ = {isa = PBXFileReference; lastKnownFileType = folder.assetcatalog; path = "Preview Assets.xcassets"; sourceTree = "<group>"; };
		AF0976742C87F72900A1DD04 /* UIApplication.swift */ = {isa = PBXFileReference; lastKnownFileType = sourcecode.swift; path = UIApplication.swift; sourceTree = "<group>"; };
		AF0E2D462C5A24D40018D3F0 /* MyResultsView.swift */ = {isa = PBXFileReference; lastKnownFileType = sourcecode.swift; path = MyResultsView.swift; sourceTree = "<group>"; };
		AF1B19082C5A084F0035747B /* MyResultsListHeader.swift */ = {isa = PBXFileReference; lastKnownFileType = sourcecode.swift; path = MyResultsListHeader.swift; sourceTree = "<group>"; };
		AF1B190A2C5A09B30035747B /* MyResultsCell.swift */ = {isa = PBXFileReference; lastKnownFileType = sourcecode.swift; path = MyResultsCell.swift; sourceTree = "<group>"; };
		AF1D59C12C4F8CCC0074FD0E /* AlarmView.swift */ = {isa = PBXFileReference; lastKnownFileType = sourcecode.swift; path = AlarmView.swift; sourceTree = "<group>"; };
		AF1D59C42C4F8D110074FD0E /* AlarmCell.swift */ = {isa = PBXFileReference; lastKnownFileType = sourcecode.swift; path = AlarmCell.swift; sourceTree = "<group>"; };
		AF1F4C462CA13CE700A64596 /* Evaluation.swift */ = {isa = PBXFileReference; lastKnownFileType = sourcecode.swift; path = Evaluation.swift; sourceTree = "<group>"; };
		AF2E88022C947CB000074F02 /* Performance.swift */ = {isa = PBXFileReference; lastKnownFileType = sourcecode.swift; path = Performance.swift; sourceTree = "<group>"; };
		AF2E88042C947F5E00074F02 /* PerformanceCell.swift */ = {isa = PBXFileReference; lastKnownFileType = sourcecode.swift; path = PerformanceCell.swift; sourceTree = "<group>"; };
		AF30B45D2C84571300325B94 /* NetworkResult.swift */ = {isa = PBXFileReference; lastKnownFileType = sourcecode.swift; path = NetworkResult.swift; sourceTree = "<group>"; };
		AF30B4602C8458F000325B94 /* authModel.swift */ = {isa = PBXFileReference; lastKnownFileType = sourcecode.swift; path = authModel.swift; sourceTree = "<group>"; };
		AF30B4692C8461A400325B94 /* AuthService.swift */ = {isa = PBXFileReference; lastKnownFileType = sourcecode.swift; path = AuthService.swift; sourceTree = "<group>"; };
		AF32DC292C4F47CD0026F88C /* OnBoardingView.swift */ = {isa = PBXFileReference; lastKnownFileType = sourcecode.swift; path = OnBoardingView.swift; sourceTree = "<group>"; };
		AF38BF3A2C4F73D7003BF9FD /* ChoosePageView.swift */ = {isa = PBXFileReference; lastKnownFileType = sourcecode.swift; path = ChoosePageView.swift; sourceTree = "<group>"; };
		AF38BF3E2C4F7428003BF9FD /* TeacherSignUpView.swift */ = {isa = PBXFileReference; lastKnownFileType = sourcecode.swift; path = TeacherSignUpView.swift; sourceTree = "<group>"; };
		AF38BF422C4F7518003BF9FD /* StudentSignUpView.swift */ = {isa = PBXFileReference; lastKnownFileType = sourcecode.swift; path = StudentSignUpView.swift; sourceTree = "<group>"; };
		AF38BF452C4F766D003BF9FD /* ChooseRoleView.swift */ = {isa = PBXFileReference; lastKnownFileType = sourcecode.swift; path = ChooseRoleView.swift; sourceTree = "<group>"; };
		AF38BF472C4F7E9E003BF9FD /* EntireSignInView.swift */ = {isa = PBXFileReference; lastKnownFileType = sourcecode.swift; path = EntireSignInView.swift; sourceTree = "<group>"; };
		AF4D43A12C593D5A00CDEA41 /* LessonCell.swift */ = {isa = PBXFileReference; lastKnownFileType = sourcecode.swift; path = LessonCell.swift; sourceTree = "<group>"; };
		AF63D41E2C5B883400CA374B /* HomeView.swift */ = {isa = PBXFileReference; lastKnownFileType = sourcecode.swift; path = HomeView.swift; sourceTree = "<group>"; };
		AF63D4202C5B884D00CA374B /* CalendarGridView.swift */ = {isa = PBXFileReference; lastKnownFileType = sourcecode.swift; path = CalendarGridView.swift; sourceTree = "<group>"; };
		AF63D4222C5B886600CA374B /* CalendarCellView.swift */ = {isa = PBXFileReference; lastKnownFileType = sourcecode.swift; path = CalendarCellView.swift; sourceTree = "<group>"; };
		AF63D4242C5B887400CA374B /* WeekdaySymbolsView.swift */ = {isa = PBXFileReference; lastKnownFileType = sourcecode.swift; path = WeekdaySymbolsView.swift; sourceTree = "<group>"; };
		AF63D4262C5B888900CA374B /* DateFormatter.swift */ = {isa = PBXFileReference; lastKnownFileType = sourcecode.swift; path = DateFormatter.swift; sourceTree = "<group>"; };
		AF8665BD2C59BDC80031ED95 /* TeacherTabView.swift */ = {isa = PBXFileReference; lastKnownFileType = sourcecode.swift; path = TeacherTabView.swift; sourceTree = "<group>"; };
		AF9952312C59D7AE00F1DD9A /* ProcessingResultsView.swift */ = {isa = PBXFileReference; lastKnownFileType = sourcecode.swift; path = ProcessingResultsView.swift; sourceTree = "<group>"; };
		AF9952332C59F3BE00F1DD9A /* ProcessingResultsListHeader.swift */ = {isa = PBXFileReference; lastKnownFileType = sourcecode.swift; path = ProcessingResultsListHeader.swift; sourceTree = "<group>"; };
		AF9952352C59F78100F1DD9A /* ProcessingResultsList.swift */ = {isa = PBXFileReference; lastKnownFileType = sourcecode.swift; path = ProcessingResultsList.swift; sourceTree = "<group>"; };
		AFA28ABC2C8D86D500397544 /* APIConstants.swift */ = {isa = PBXFileReference; lastKnownFileType = sourcecode.swift; path = APIConstants.swift; sourceTree = "<group>"; };
		AFACD5572C8D74CB00798C93 /* StudentTabView.swift */ = {isa = PBXFileReference; lastKnownFileType = sourcecode.swift; path = StudentTabView.swift; sourceTree = "<group>"; };
		AFC320292BCABA6E0086482E /* Cl-ck-Info.plist */ = {isa = PBXFileReference; lastKnownFileType = text.plist; path = "Cl-ck-Info.plist"; sourceTree = SOURCE_ROOT; };
		AFD3D5C12C4E6CB20033C661 /* Launch Screen.storyboard */ = {isa = PBXFileReference; lastKnownFileType = file.storyboard; path = "Launch Screen.storyboard"; sourceTree = "<group>"; };
		AFDD3D2D2BC969DB002B4B98 /* CalenderView.swift */ = {isa = PBXFileReference; lastKnownFileType = sourcecode.swift; path = CalenderView.swift; sourceTree = "<group>"; };
		AFEB51CE2C91167700F6DB61 /* StudentsProfileView.swift */ = {isa = PBXFileReference; lastKnownFileType = sourcecode.swift; path = StudentsProfileView.swift; sourceTree = "<group>"; };
		AFEB51D02C9116AD00F6DB61 /* TeachersProfileView.swift */ = {isa = PBXFileReference; lastKnownFileType = sourcecode.swift; path = TeachersProfileView.swift; sourceTree = "<group>"; };
		AFEB51D42C917C7100F6DB61 /* ScheduleViewModel.swift */ = {isa = PBXFileReference; lastKnownFileType = sourcecode.swift; path = ScheduleViewModel.swift; sourceTree = "<group>"; };
		AFEB51D62C917CF800F6DB61 /* Lesson.swift */ = {isa = PBXFileReference; lastKnownFileType = sourcecode.swift; path = Lesson.swift; sourceTree = "<group>"; };
		AFEB51D82C917D0B00F6DB61 /* Schedule.swift */ = {isa = PBXFileReference; lastKnownFileType = sourcecode.swift; path = Schedule.swift; sourceTree = "<group>"; };
		AFEB51DF2C9183E700F6DB61 /* PerformanceListView.swift */ = {isa = PBXFileReference; lastKnownFileType = sourcecode.swift; path = PerformanceListView.swift; sourceTree = "<group>"; };
		AFEB51E12C91862500F6DB61 /* LessonCreateView.swift */ = {isa = PBXFileReference; lastKnownFileType = sourcecode.swift; path = LessonCreateView.swift; sourceTree = "<group>"; };
		AFEB51E32C918E4100F6DB61 /* Service.swift */ = {isa = PBXFileReference; lastKnownFileType = sourcecode.swift; path = Service.swift; sourceTree = "<group>"; };
		AFEB51E72C91AE0900F6DB61 /* LessonListView.swift */ = {isa = PBXFileReference; lastKnownFileType = sourcecode.swift; path = LessonListView.swift; sourceTree = "<group>"; };
		AFF0D1482C5269EB00E2B4B2 /* NavigationControllerWrapper.swift */ = {isa = PBXFileReference; lastKnownFileType = sourcecode.swift; path = NavigationControllerWrapper.swift; sourceTree = "<group>"; };
		AFF0D14A2C526A6E00E2B4B2 /* ScheduleCell.swift */ = {isa = PBXFileReference; lastKnownFileType = sourcecode.swift; path = ScheduleCell.swift; sourceTree = "<group>"; };
		AFF4C6572C59D29F00AE67A1 /* ProcessingResultsCell.swift */ = {isa = PBXFileReference; lastKnownFileType = sourcecode.swift; path = ProcessingResultsCell.swift; sourceTree = "<group>"; };
		AFF7A9312C527DD100F4582B /* ProfileImage.swift */ = {isa = PBXFileReference; lastKnownFileType = sourcecode.swift; path = ProfileImage.swift; sourceTree = "<group>"; };
		AFFED39F2C514091001DB112 /* PerformanceCreateView.swift */ = {isa = PBXFileReference; lastKnownFileType = sourcecode.swift; path = PerformanceCreateView.swift; sourceTree = "<group>"; };
		AFFED3C42C51F5BE001DB112 /* OnBoardingScreenContent.swift */ = {isa = PBXFileReference; lastKnownFileType = sourcecode.swift; path = OnBoardingScreenContent.swift; sourceTree = "<group>"; };
		AFFED3CE2C52515E001DB112 /* InformationDetailView.swift */ = {isa = PBXFileReference; lastKnownFileType = sourcecode.swift; path = InformationDetailView.swift; sourceTree = "<group>"; };
		AFFED3D02C525695001DB112 /* ScheduleListView.swift */ = {isa = PBXFileReference; lastKnownFileType = sourcecode.swift; path = ScheduleListView.swift; sourceTree = "<group>"; };
/* End PBXFileReference section */

/* Begin PBXFrameworksBuildPhase section */
		7C7E593A2BAC1FC300D39E2C /* Frameworks */ = {
			isa = PBXFrameworksBuildPhase;
			buildActionMask = 2147483647;
			files = (
				AFC3EA2E2C87555100F62C4F /* Alamofire in Frameworks */,
			);
			runOnlyForDeploymentPostprocessing = 0;
		};
/* End PBXFrameworksBuildPhase section */

/* Begin PBXGroup section */
		7C7E59342BAC1FC300D39E2C = {
			isa = PBXGroup;
			children = (
				7C7E593F2BAC1FC300D39E2C /* Cl!ck */,
				7C7E593E2BAC1FC300D39E2C /* Products */,
			);
			sourceTree = "<group>";
		};
		7C7E593E2BAC1FC300D39E2C /* Products */ = {
			isa = PBXGroup;
			children = (
				7C7E593D2BAC1FC300D39E2C /* Cl!ck.app */,
			);
			name = Products;
			sourceTree = "<group>";
		};
		7C7E593F2BAC1FC300D39E2C /* Cl!ck */ = {
			isa = PBXGroup;
			children = (
				AFF7F2622C4E6A6B0007F652 /* UI */,
				AFC320292BCABA6E0086482E /* Cl-ck-Info.plist */,
				7C7E59402BAC1FC300D39E2C /* Cl_ckApp.swift */,
				7C7E59422BAC1FC300D39E2C /* ContentView.swift */,
				AF30B45D2C84571300325B94 /* NetworkResult.swift */,
				AFA28ABC2C8D86D500397544 /* APIConstants.swift */,
				AF30B4692C8461A400325B94 /* AuthService.swift */,
				AFEB51E32C918E4100F6DB61 /* Service.swift */,
				AF30B45F2C84585400325B94 /* Model */,
				AFF0D1482C5269EB00E2B4B2 /* NavigationControllerWrapper.swift */,
				AFDD3D2D2BC969DB002B4B98 /* CalenderView.swift */,
				7C7E59442BAC1FC500D39E2C /* Assets.xcassets */,
				7C7E59462BAC1FC500D39E2C /* Preview Content */,
			);
			path = "Cl!ck";
			sourceTree = "<group>";
		};
		7C7E59462BAC1FC500D39E2C /* Preview Content */ = {
			isa = PBXGroup;
			children = (
				7C7E59472BAC1FC500D39E2C /* Preview Assets.xcassets */,
			);
			path = "Preview Content";
			sourceTree = "<group>";
		};
		AF1B19062C5A07AE0035747B /* Myresults */ = {
			isa = PBXGroup;
			children = (
				AF1B19072C5A07E90035747B /* Component */,
				AF0E2D462C5A24D40018D3F0 /* MyResultsView.swift */,
			);
			path = Myresults;
			sourceTree = "<group>";
		};
		AF1B19072C5A07E90035747B /* Component */ = {
			isa = PBXGroup;
			children = (
				AF1B19082C5A084F0035747B /* MyResultsListHeader.swift */,
				AF1B190A2C5A09B30035747B /* MyResultsCell.swift */,
			);
			path = Component;
			sourceTree = "<group>";
		};
		AF1D59C02C4F8CAF0074FD0E /* Alarm */ = {
			isa = PBXGroup;
			children = (
				AF1D59C32C4F8CF00074FD0E /* Component */,
				AF1D59C12C4F8CCC0074FD0E /* AlarmView.swift */,
			);
			path = Alarm;
			sourceTree = "<group>";
		};
		AF1D59C32C4F8CF00074FD0E /* Component */ = {
			isa = PBXGroup;
			children = (
				AF1D59C42C4F8D110074FD0E /* AlarmCell.swift */,
			);
			path = Component;
			sourceTree = "<group>";
		};
		AF2E88012C947C7200074F02 /* Schedule */ = {
			isa = PBXGroup;
			children = (
				AFEB51D42C917C7100F6DB61 /* ScheduleViewModel.swift */,
				AFEB51D82C917D0B00F6DB61 /* Schedule.swift */,
			);
			path = Schedule;
			sourceTree = "<group>";
		};
		AF30B45F2C84585400325B94 /* Model */ = {
			isa = PBXGroup;
			children = (
				AF30B4602C8458F000325B94 /* authModel.swift */,
			);
			path = Model;
			sourceTree = "<group>";
		};
		AF32DC282C4F47C40026F88C /* Onboarding */ = {
			isa = PBXGroup;
			children = (
				AFFED3C12C51F54F001DB112 /* Component */,
				AF32DC292C4F47CD0026F88C /* OnBoardingView.swift */,
			);
			path = Onboarding;
			sourceTree = "<group>";
		};
		AF38BF372C4F7368003BF9FD /* Choosepage */ = {
			isa = PBXGroup;
			children = (
				AF38BF442C4F762C003BF9FD /* Component */,
				AF38BF3A2C4F73D7003BF9FD /* ChoosePageView.swift */,
			);
			path = Choosepage;
			sourceTree = "<group>";
		};
		AF38BF442C4F762C003BF9FD /* Component */ = {
			isa = PBXGroup;
			children = (
				AF38BF452C4F766D003BF9FD /* ChooseRoleView.swift */,
			);
			path = Component;
			sourceTree = "<group>";
		};
		AF4D439D2C593D4000CDEA41 /* Lesson */ = {
			isa = PBXGroup;
			children = (
				AF4D43A02C593D5200CDEA41 /* Component */,
				AFEB51E72C91AE0900F6DB61 /* LessonListView.swift */,
				AFEB51E12C91862500F6DB61 /* LessonCreateView.swift */,
			);
			path = Lesson;
			sourceTree = "<group>";
		};
		AF4D43A02C593D5200CDEA41 /* Component */ = {
			isa = PBXGroup;
			children = (
				AF4D43A12C593D5A00CDEA41 /* LessonCell.swift */,
				AFEB51D62C917CF800F6DB61 /* Lesson.swift */,
			);
			path = Component;
			sourceTree = "<group>";
		};
		AF6718272C4E8C2E009E9AA0 /* Auth */ = {
			isa = PBXGroup;
			children = (
				AF6718282C4E8C33009E9AA0 /* Component */,
				AF38BF472C4F7E9E003BF9FD /* EntireSignInView.swift */,
			);
			path = Auth;
			sourceTree = "<group>";
		};
		AF6718282C4E8C33009E9AA0 /* Component */ = {
			isa = PBXGroup;
			children = (
				AF38BF422C4F7518003BF9FD /* StudentSignUpView.swift */,
				AF38BF3E2C4F7428003BF9FD /* TeacherSignUpView.swift */,
				AF0976742C87F72900A1DD04 /* UIApplication.swift */,
			);
			path = Component;
			sourceTree = "<group>";
		};
		AF8665BC2C59BD9E0031ED95 /* Tabview */ = {
			isa = PBXGroup;
			children = (
				AF8665BD2C59BDC80031ED95 /* TeacherTabView.swift */,
				AFACD5572C8D74CB00798C93 /* StudentTabView.swift */,
			);
			path = Tabview;
			sourceTree = "<group>";
		};
		AF8665BF2C59C4250031ED95 /* Evaluation */ = {
			isa = PBXGroup;
			children = (
				AF8665C22C59C4410031ED95 /* Component */,
				AF9952312C59D7AE00F1DD9A /* ProcessingResultsView.swift */,
			);
			path = Evaluation;
			sourceTree = "<group>";
		};
		AF8665C22C59C4410031ED95 /* Component */ = {
			isa = PBXGroup;
			children = (
				AFF4C6572C59D29F00AE67A1 /* ProcessingResultsCell.swift */,
				AF9952332C59F3BE00F1DD9A /* ProcessingResultsListHeader.swift */,
				AF9952352C59F78100F1DD9A /* ProcessingResultsList.swift */,
				AF1F4C462CA13CE700A64596 /* Evaluation.swift */,
			);
			path = Component;
			sourceTree = "<group>";
		};
		AF87784E2C50E545001EAE38 /* Performance */ = {
			isa = PBXGroup;
			children = (
				AFEB51DE2C9183C300F6DB61 /* Component */,
				AFFED39F2C514091001DB112 /* PerformanceCreateView.swift */,
				AFEB51DF2C9183E700F6DB61 /* PerformanceListView.swift */,
			);
			path = Performance;
			sourceTree = "<group>";
		};
		AFD3D5C02C4E6CAB0033C661 /* launchscreen */ = {
			isa = PBXGroup;
			children = (
				AFD3D5C12C4E6CB20033C661 /* Launch Screen.storyboard */,
			);
			path = launchscreen;
			sourceTree = "<group>";
		};
		AFEB51DE2C9183C300F6DB61 /* Component */ = {
			isa = PBXGroup;
			children = (
				AF2E88022C947CB000074F02 /* Performance.swift */,
				AF2E88042C947F5E00074F02 /* PerformanceCell.swift */,
			);
			path = Component;
			sourceTree = "<group>";
		};
		AFF7A92D2C527D2900F4582B /* Profile */ = {
			isa = PBXGroup;
			children = (
				AFF7A9302C527D6400F4582B /* Component */,
				AFEB51CE2C91167700F6DB61 /* StudentsProfileView.swift */,
				AFEB51D02C9116AD00F6DB61 /* TeachersProfileView.swift */,
			);
			path = Profile;
			sourceTree = "<group>";
		};
		AFF7A9302C527D6400F4582B /* Component */ = {
			isa = PBXGroup;
			children = (
				AFF7A9312C527DD100F4582B /* ProfileImage.swift */,
			);
			path = Component;
			sourceTree = "<group>";
		};
		AFF7F2622C4E6A6B0007F652 /* UI */ = {
			isa = PBXGroup;
			children = (
				AF2E88012C947C7200074F02 /* Schedule */,
				AF1B19062C5A07AE0035747B /* Myresults */,
				AF8665BF2C59C4250031ED95 /* Evaluation */,
				AF8665BC2C59BD9E0031ED95 /* Tabview */,
				AFF7A92D2C527D2900F4582B /* Profile */,
				AFFED3A32C51D0C2001DB112 /* Home */,
				AF4D439D2C593D4000CDEA41 /* Lesson */,
				AF87784E2C50E545001EAE38 /* Performance */,
				AF1D59C02C4F8CAF0074FD0E /* Alarm */,
				AF38BF372C4F7368003BF9FD /* Choosepage */,
				AF32DC282C4F47C40026F88C /* Onboarding */,
				AF6718272C4E8C2E009E9AA0 /* Auth */,
				AFD3D5C02C4E6CAB0033C661 /* launchscreen */,
			);
			path = UI;
			sourceTree = "<group>";
		};
		AFFED3A32C51D0C2001DB112 /* Home */ = {
			isa = PBXGroup;
			children = (
				AFFED3A42C51D0C8001DB112 /* Component */,
				AF63D41E2C5B883400CA374B /* HomeView.swift */,
			);
			path = Home;
			sourceTree = "<group>";
		};
		AFFED3A42C51D0C8001DB112 /* Component */ = {
			isa = PBXGroup;
			children = (
				AFFED3CE2C52515E001DB112 /* InformationDetailView.swift */,
				AFFED3D02C525695001DB112 /* ScheduleListView.swift */,
				AFF0D14A2C526A6E00E2B4B2 /* ScheduleCell.swift */,
				AF63D4202C5B884D00CA374B /* CalendarGridView.swift */,
				AF63D4222C5B886600CA374B /* CalendarCellView.swift */,
				AF63D4242C5B887400CA374B /* WeekdaySymbolsView.swift */,
				AF63D4262C5B888900CA374B /* DateFormatter.swift */,
			);
			path = Component;
			sourceTree = "<group>";
		};
		AFFED3C12C51F54F001DB112 /* Component */ = {
			isa = PBXGroup;
			children = (
				AFFED3C42C51F5BE001DB112 /* OnBoardingScreenContent.swift */,
			);
			path = Component;
			sourceTree = "<group>";
		};
/* End PBXGroup section */

/* Begin PBXNativeTarget section */
		7C7E593C2BAC1FC300D39E2C /* Cl!ck */ = {
			isa = PBXNativeTarget;
			buildConfigurationList = 7C7E594B2BAC1FC500D39E2C /* Build configuration list for PBXNativeTarget "Cl!ck" */;
			buildPhases = (
				7C7E59392BAC1FC300D39E2C /* Sources */,
				7C7E593A2BAC1FC300D39E2C /* Frameworks */,
				7C7E593B2BAC1FC300D39E2C /* Resources */,
			);
			buildRules = (
			);
			dependencies = (
			);
			name = "Cl!ck";
			packageProductDependencies = (
				AFC3EA2D2C87555100F62C4F /* Alamofire */,
			);
			productName = "Cl!ck";
			productReference = 7C7E593D2BAC1FC300D39E2C /* Cl!ck.app */;
			productType = "com.apple.product-type.application";
		};
/* End PBXNativeTarget section */

/* Begin PBXProject section */
		7C7E59352BAC1FC300D39E2C /* Project object */ = {
			isa = PBXProject;
			attributes = {
				BuildIndependentTargetsInParallel = 1;
				LastSwiftUpdateCheck = 1530;
				LastUpgradeCheck = 1530;
				TargetAttributes = {
					7C7E593C2BAC1FC300D39E2C = {
						CreatedOnToolsVersion = 15.3;
					};
				};
			};
			buildConfigurationList = 7C7E59382BAC1FC300D39E2C /* Build configuration list for PBXProject "Cl!ck" */;
			compatibilityVersion = "Xcode 14.0";
			developmentRegion = ko;
			hasScannedForEncodings = 0;
			knownRegions = (
				en,
				Base,
				ko,
			);
			mainGroup = 7C7E59342BAC1FC300D39E2C;
			packageReferences = (
				AFC3EA2C2C87555100F62C4F /* XCRemoteSwiftPackageReference "Alamofire" */,
			);
			productRefGroup = 7C7E593E2BAC1FC300D39E2C /* Products */;
			projectDirPath = "";
			projectRoot = "";
			targets = (
				7C7E593C2BAC1FC300D39E2C /* Cl!ck */,
			);
		};
/* End PBXProject section */

/* Begin PBXResourcesBuildPhase section */
		7C7E593B2BAC1FC300D39E2C /* Resources */ = {
			isa = PBXResourcesBuildPhase;
			buildActionMask = 2147483647;
			files = (
				AFD3D5C22C4E6CB20033C661 /* Launch Screen.storyboard in Resources */,
				7C7E59482BAC1FC500D39E2C /* Preview Assets.xcassets in Resources */,
				7C7E59452BAC1FC500D39E2C /* Assets.xcassets in Resources */,
			);
			runOnlyForDeploymentPostprocessing = 0;
		};
/* End PBXResourcesBuildPhase section */

/* Begin PBXSourcesBuildPhase section */
		7C7E59392BAC1FC300D39E2C /* Sources */ = {
			isa = PBXSourcesBuildPhase;
			buildActionMask = 2147483647;
			files = (
				AF38BF432C4F7518003BF9FD /* StudentSignUpView.swift in Sources */,
				AF8665BE2C59BDC80031ED95 /* TeacherTabView.swift in Sources */,
				AF38BF3B2C4F73D7003BF9FD /* ChoosePageView.swift in Sources */,
				AFEB51D92C917D0B00F6DB61 /* Schedule.swift in Sources */,
				AFEB51E22C91862500F6DB61 /* LessonCreateView.swift in Sources */,
				AFFED3A02C514091001DB112 /* PerformanceCreateView.swift in Sources */,
				AF63D41F2C5B883400CA374B /* HomeView.swift in Sources */,
				AF1B19092C5A084F0035747B /* MyResultsListHeader.swift in Sources */,
				AF30B46A2C8461A400325B94 /* AuthService.swift in Sources */,
				AF1D59C52C4F8D110074FD0E /* AlarmCell.swift in Sources */,
				AFF0D14B2C526A6E00E2B4B2 /* ScheduleCell.swift in Sources */,
				AF2E88052C947F5E00074F02 /* PerformanceCell.swift in Sources */,
				AFF7A9322C527DD100F4582B /* ProfileImage.swift in Sources */,
				AFF4C6582C59D29F00AE67A1 /* ProcessingResultsCell.swift in Sources */,
				AFEB51CF2C91167700F6DB61 /* StudentsProfileView.swift in Sources */,
				AF38BF3F2C4F7428003BF9FD /* TeacherSignUpView.swift in Sources */,
				AFEB51D12C9116AD00F6DB61 /* TeachersProfileView.swift in Sources */,
				AF9952362C59F78100F1DD9A /* ProcessingResultsList.swift in Sources */,
				AF4D43A22C593D5A00CDEA41 /* LessonCell.swift in Sources */,
				AF9952342C59F3BE00F1DD9A /* ProcessingResultsListHeader.swift in Sources */,
				AF1D59C22C4F8CCC0074FD0E /* AlarmView.swift in Sources */,
				7C7E59432BAC1FC300D39E2C /* ContentView.swift in Sources */,
				AFFED3C52C51F5BE001DB112 /* OnBoardingScreenContent.swift in Sources */,
				AF38BF482C4F7E9E003BF9FD /* EntireSignInView.swift in Sources */,
				AFEB51E02C9183E700F6DB61 /* PerformanceListView.swift in Sources */,
				7C7E59412BAC1FC300D39E2C /* Cl_ckApp.swift in Sources */,
				AF30B45E2C84571300325B94 /* NetworkResult.swift in Sources */,
				AF63D4272C5B888900CA374B /* DateFormatter.swift in Sources */,
				AFACD5582C8D74CB00798C93 /* StudentTabView.swift in Sources */,
				AF1F4C472CA13CE700A64596 /* Evaluation.swift in Sources */,
				AFEB51D52C917C7100F6DB61 /* ScheduleViewModel.swift in Sources */,
				AF0976752C87F72900A1DD04 /* UIApplication.swift in Sources */,
				AF2E88032C947CB000074F02 /* Performance.swift in Sources */,
				AFDD3D2E2BC969DC002B4B98 /* CalenderView.swift in Sources */,
				AF30B4612C8458F000325B94 /* authModel.swift in Sources */,
				AF63D4252C5B887400CA374B /* WeekdaySymbolsView.swift in Sources */,
				AFFED3CF2C52515E001DB112 /* InformationDetailView.swift in Sources */,
				AF9952322C59D7AE00F1DD9A /* ProcessingResultsView.swift in Sources */,
				AFFED3D12C525695001DB112 /* ScheduleListView.swift in Sources */,
				AFF0D1492C5269EB00E2B4B2 /* NavigationControllerWrapper.swift in Sources */,
				AFEB51E82C91AE0900F6DB61 /* LessonListView.swift in Sources */,
				AF63D4232C5B886600CA374B /* CalendarCellView.swift in Sources */,
				AF32DC2A2C4F47CD0026F88C /* OnBoardingView.swift in Sources */,
				AFEB51E42C918E4100F6DB61 /* Service.swift in Sources */,
				AFA28ABD2C8D86D500397544 /* APIConstants.swift in Sources */,
				AF0E2D472C5A24D40018D3F0 /* MyResultsView.swift in Sources */,
				AF1B190B2C5A09B30035747B /* MyResultsCell.swift in Sources */,
				AF63D4212C5B884D00CA374B /* CalendarGridView.swift in Sources */,
				AF38BF462C4F766D003BF9FD /* ChooseRoleView.swift in Sources */,
				AFEB51D72C917CF800F6DB61 /* Lesson.swift in Sources */,
			);
			runOnlyForDeploymentPostprocessing = 0;
		};
/* End PBXSourcesBuildPhase section */

/* Begin XCBuildConfiguration section */
		7C7E59492BAC1FC500D39E2C /* Debug */ = {
			isa = XCBuildConfiguration;
			buildSettings = {
				ALWAYS_SEARCH_USER_PATHS = NO;
				ASSETCATALOG_COMPILER_GENERATE_SWIFT_ASSET_SYMBOL_EXTENSIONS = YES;
				CLANG_ANALYZER_NONNULL = YES;
				CLANG_ANALYZER_NUMBER_OBJECT_CONVERSION = YES_AGGRESSIVE;
				CLANG_CXX_LANGUAGE_STANDARD = "gnu++20";
				CLANG_ENABLE_MODULES = YES;
				CLANG_ENABLE_OBJC_ARC = YES;
				CLANG_ENABLE_OBJC_WEAK = YES;
				CLANG_WARN_BLOCK_CAPTURE_AUTORELEASING = YES;
				CLANG_WARN_BOOL_CONVERSION = YES;
				CLANG_WARN_COMMA = YES;
				CLANG_WARN_CONSTANT_CONVERSION = YES;
				CLANG_WARN_DEPRECATED_OBJC_IMPLEMENTATIONS = YES;
				CLANG_WARN_DIRECT_OBJC_ISA_USAGE = YES_ERROR;
				CLANG_WARN_DOCUMENTATION_COMMENTS = YES;
				CLANG_WARN_EMPTY_BODY = YES;
				CLANG_WARN_ENUM_CONVERSION = YES;
				CLANG_WARN_INFINITE_RECURSION = YES;
				CLANG_WARN_INT_CONVERSION = YES;
				CLANG_WARN_NON_LITERAL_NULL_CONVERSION = YES;
				CLANG_WARN_OBJC_IMPLICIT_RETAIN_SELF = YES;
				CLANG_WARN_OBJC_LITERAL_CONVERSION = YES;
				CLANG_WARN_OBJC_ROOT_CLASS = YES_ERROR;
				CLANG_WARN_QUOTED_INCLUDE_IN_FRAMEWORK_HEADER = YES;
				CLANG_WARN_RANGE_LOOP_ANALYSIS = YES;
				CLANG_WARN_STRICT_PROTOTYPES = YES;
				CLANG_WARN_SUSPICIOUS_MOVE = YES;
				CLANG_WARN_UNGUARDED_AVAILABILITY = YES_AGGRESSIVE;
				CLANG_WARN_UNREACHABLE_CODE = YES;
				CLANG_WARN__DUPLICATE_METHOD_MATCH = YES;
				COPY_PHASE_STRIP = NO;
				DEBUG_INFORMATION_FORMAT = dwarf;
				ENABLE_STRICT_OBJC_MSGSEND = YES;
				ENABLE_TESTABILITY = YES;
				ENABLE_USER_SCRIPT_SANDBOXING = YES;
				GCC_C_LANGUAGE_STANDARD = gnu17;
				GCC_DYNAMIC_NO_PIC = NO;
				GCC_NO_COMMON_BLOCKS = YES;
				GCC_OPTIMIZATION_LEVEL = 0;
				GCC_PREPROCESSOR_DEFINITIONS = (
					"DEBUG=1",
					"$(inherited)",
				);
				GCC_WARN_64_TO_32_BIT_CONVERSION = YES;
				GCC_WARN_ABOUT_RETURN_TYPE = YES_ERROR;
				GCC_WARN_UNDECLARED_SELECTOR = YES;
				GCC_WARN_UNINITIALIZED_AUTOS = YES_AGGRESSIVE;
				GCC_WARN_UNUSED_FUNCTION = YES;
				GCC_WARN_UNUSED_VARIABLE = YES;
				IPHONEOS_DEPLOYMENT_TARGET = 17.4;
				LOCALIZATION_PREFERS_STRING_CATALOGS = YES;
				MTL_ENABLE_DEBUG_INFO = INCLUDE_SOURCE;
				MTL_FAST_MATH = YES;
				ONLY_ACTIVE_ARCH = YES;
				SDKROOT = iphoneos;
				SWIFT_ACTIVE_COMPILATION_CONDITIONS = "DEBUG $(inherited)";
				SWIFT_OPTIMIZATION_LEVEL = "-Onone";
			};
			name = Debug;
		};
		7C7E594A2BAC1FC500D39E2C /* Release */ = {
			isa = XCBuildConfiguration;
			buildSettings = {
				ALWAYS_SEARCH_USER_PATHS = NO;
				ASSETCATALOG_COMPILER_GENERATE_SWIFT_ASSET_SYMBOL_EXTENSIONS = YES;
				CLANG_ANALYZER_NONNULL = YES;
				CLANG_ANALYZER_NUMBER_OBJECT_CONVERSION = YES_AGGRESSIVE;
				CLANG_CXX_LANGUAGE_STANDARD = "gnu++20";
				CLANG_ENABLE_MODULES = YES;
				CLANG_ENABLE_OBJC_ARC = YES;
				CLANG_ENABLE_OBJC_WEAK = YES;
				CLANG_WARN_BLOCK_CAPTURE_AUTORELEASING = YES;
				CLANG_WARN_BOOL_CONVERSION = YES;
				CLANG_WARN_COMMA = YES;
				CLANG_WARN_CONSTANT_CONVERSION = YES;
				CLANG_WARN_DEPRECATED_OBJC_IMPLEMENTATIONS = YES;
				CLANG_WARN_DIRECT_OBJC_ISA_USAGE = YES_ERROR;
				CLANG_WARN_DOCUMENTATION_COMMENTS = YES;
				CLANG_WARN_EMPTY_BODY = YES;
				CLANG_WARN_ENUM_CONVERSION = YES;
				CLANG_WARN_INFINITE_RECURSION = YES;
				CLANG_WARN_INT_CONVERSION = YES;
				CLANG_WARN_NON_LITERAL_NULL_CONVERSION = YES;
				CLANG_WARN_OBJC_IMPLICIT_RETAIN_SELF = YES;
				CLANG_WARN_OBJC_LITERAL_CONVERSION = YES;
				CLANG_WARN_OBJC_ROOT_CLASS = YES_ERROR;
				CLANG_WARN_QUOTED_INCLUDE_IN_FRAMEWORK_HEADER = YES;
				CLANG_WARN_RANGE_LOOP_ANALYSIS = YES;
				CLANG_WARN_STRICT_PROTOTYPES = YES;
				CLANG_WARN_SUSPICIOUS_MOVE = YES;
				CLANG_WARN_UNGUARDED_AVAILABILITY = YES_AGGRESSIVE;
				CLANG_WARN_UNREACHABLE_CODE = YES;
				CLANG_WARN__DUPLICATE_METHOD_MATCH = YES;
				COPY_PHASE_STRIP = NO;
				DEBUG_INFORMATION_FORMAT = "dwarf-with-dsym";
				ENABLE_NS_ASSERTIONS = NO;
				ENABLE_STRICT_OBJC_MSGSEND = YES;
				ENABLE_USER_SCRIPT_SANDBOXING = YES;
				GCC_C_LANGUAGE_STANDARD = gnu17;
				GCC_NO_COMMON_BLOCKS = YES;
				GCC_WARN_64_TO_32_BIT_CONVERSION = YES;
				GCC_WARN_ABOUT_RETURN_TYPE = YES_ERROR;
				GCC_WARN_UNDECLARED_SELECTOR = YES;
				GCC_WARN_UNINITIALIZED_AUTOS = YES_AGGRESSIVE;
				GCC_WARN_UNUSED_FUNCTION = YES;
				GCC_WARN_UNUSED_VARIABLE = YES;
				IPHONEOS_DEPLOYMENT_TARGET = 17.4;
				LOCALIZATION_PREFERS_STRING_CATALOGS = YES;
				MTL_ENABLE_DEBUG_INFO = NO;
				MTL_FAST_MATH = YES;
				SDKROOT = iphoneos;
				SWIFT_COMPILATION_MODE = wholemodule;
				VALIDATE_PRODUCT = YES;
			};
			name = Release;
		};
		7C7E594C2BAC1FC500D39E2C /* Debug */ = {
			isa = XCBuildConfiguration;
			buildSettings = {
				ASSETCATALOG_COMPILER_APPICON_NAME = AppIcon;
				ASSETCATALOG_COMPILER_GLOBAL_ACCENT_COLOR_NAME = AccentColor;
				CODE_SIGN_STYLE = Automatic;
				CURRENT_PROJECT_VERSION = 1;
				DEVELOPMENT_ASSET_PATHS = "\"Cl!ck/Preview Content\"";
				DEVELOPMENT_TEAM = F88U3ZA2J6;
				ENABLE_PREVIEWS = YES;
				GENERATE_INFOPLIST_FILE = YES;
				INFOPLIST_FILE = "Cl-ck-Info.plist";
				INFOPLIST_KEY_UIApplicationSceneManifest_Generation = YES;
				INFOPLIST_KEY_UIApplicationSupportsIndirectInputEvents = YES;
				INFOPLIST_KEY_UILaunchStoryboardName = "Launch Screen.storyboard";
				INFOPLIST_KEY_UISupportedInterfaceOrientations_iPad = "UIInterfaceOrientationPortrait UIInterfaceOrientationPortraitUpsideDown UIInterfaceOrientationLandscapeLeft UIInterfaceOrientationLandscapeRight";
				INFOPLIST_KEY_UISupportedInterfaceOrientations_iPhone = "UIInterfaceOrientationPortrait UIInterfaceOrientationLandscapeLeft UIInterfaceOrientationLandscapeRight";
				LD_RUNPATH_SEARCH_PATHS = (
					"$(inherited)",
					"@executable_path/Frameworks",
				);
				MARKETING_VERSION = 1.0;
				PRODUCT_BUNDLE_IDENTIFIER = "kr.hs.dgsw.click.Ci-ck";
				PRODUCT_NAME = "$(TARGET_NAME)";
				SWIFT_EMIT_LOC_STRINGS = YES;
				SWIFT_VERSION = 5.0;
				TARGETED_DEVICE_FAMILY = "1,2";
			};
			name = Debug;
		};
		7C7E594D2BAC1FC500D39E2C /* Release */ = {
			isa = XCBuildConfiguration;
			buildSettings = {
				ASSETCATALOG_COMPILER_APPICON_NAME = AppIcon;
				ASSETCATALOG_COMPILER_GLOBAL_ACCENT_COLOR_NAME = AccentColor;
				CODE_SIGN_STYLE = Automatic;
				CURRENT_PROJECT_VERSION = 1;
				DEVELOPMENT_ASSET_PATHS = "\"Cl!ck/Preview Content\"";
				DEVELOPMENT_TEAM = F88U3ZA2J6;
				ENABLE_PREVIEWS = YES;
				GENERATE_INFOPLIST_FILE = YES;
				INFOPLIST_FILE = "Cl-ck-Info.plist";
				INFOPLIST_KEY_UIApplicationSceneManifest_Generation = YES;
				INFOPLIST_KEY_UIApplicationSupportsIndirectInputEvents = YES;
				INFOPLIST_KEY_UILaunchStoryboardName = "Launch Screen.storyboard";
				INFOPLIST_KEY_UISupportedInterfaceOrientations_iPad = "UIInterfaceOrientationPortrait UIInterfaceOrientationPortraitUpsideDown UIInterfaceOrientationLandscapeLeft UIInterfaceOrientationLandscapeRight";
				INFOPLIST_KEY_UISupportedInterfaceOrientations_iPhone = "UIInterfaceOrientationPortrait UIInterfaceOrientationLandscapeLeft UIInterfaceOrientationLandscapeRight";
				LD_RUNPATH_SEARCH_PATHS = (
					"$(inherited)",
					"@executable_path/Frameworks",
				);
				MARKETING_VERSION = 1.0;
				PRODUCT_BUNDLE_IDENTIFIER = "kr.hs.dgsw.click.Ci-ck";
				PRODUCT_NAME = "$(TARGET_NAME)";
				SWIFT_EMIT_LOC_STRINGS = YES;
				SWIFT_VERSION = 5.0;
				TARGETED_DEVICE_FAMILY = "1,2";
			};
			name = Release;
		};
/* End XCBuildConfiguration section */

/* Begin XCConfigurationList section */
		7C7E59382BAC1FC300D39E2C /* Build configuration list for PBXProject "Cl!ck" */ = {
			isa = XCConfigurationList;
			buildConfigurations = (
				7C7E59492BAC1FC500D39E2C /* Debug */,
				7C7E594A2BAC1FC500D39E2C /* Release */,
			);
			defaultConfigurationIsVisible = 0;
			defaultConfigurationName = Release;
		};
		7C7E594B2BAC1FC500D39E2C /* Build configuration list for PBXNativeTarget "Cl!ck" */ = {
			isa = XCConfigurationList;
			buildConfigurations = (
				7C7E594C2BAC1FC500D39E2C /* Debug */,
				7C7E594D2BAC1FC500D39E2C /* Release */,
			);
			defaultConfigurationIsVisible = 0;
			defaultConfigurationName = Release;
		};
/* End XCConfigurationList section */

/* Begin XCRemoteSwiftPackageReference section */
		AFC3EA2C2C87555100F62C4F /* XCRemoteSwiftPackageReference "Alamofire" */ = {
			isa = XCRemoteSwiftPackageReference;
			repositoryURL = "https://github.com/Alamofire/Alamofire";
			requirement = {
				kind = upToNextMajorVersion;
				minimumVersion = 5.9.1;
			};
		};
/* End XCRemoteSwiftPackageReference section */

/* Begin XCSwiftPackageProductDependency section */
		AFC3EA2D2C87555100F62C4F /* Alamofire */ = {
			isa = XCSwiftPackageProductDependency;
			package = AFC3EA2C2C87555100F62C4F /* XCRemoteSwiftPackageReference "Alamofire" */;
			productName = Alamofire;
		};
/* End XCSwiftPackageProductDependency section */
	};
	rootObject = 7C7E59352BAC1FC300D39E2C /* Project object */;
}
